// !$*UTF8*$!
{
	archiveVersion = 1;
	classes = {
	};
	objectVersion = 48;
	objects = {

/* Begin PBXBuildFile section */
		60ADEDCE1FC2C27B00BE9BC0 /* AppDelegate.swift in Sources */ = {isa = PBXBuildFile; fileRef = 60ADEDCD1FC2C27B00BE9BC0 /* AppDelegate.swift */; };
		60ADEDD01FC2C27B00BE9BC0 /* ViewController.swift in Sources */ = {isa = PBXBuildFile; fileRef = 60ADEDCF1FC2C27B00BE9BC0 /* ViewController.swift */; };
		60ADEDD31FC2C27B00BE9BC0 /* Main.storyboard in Resources */ = {isa = PBXBuildFile; fileRef = 60ADEDD11FC2C27B00BE9BC0 /* Main.storyboard */; };
		60ADEDD51FC2C27B00BE9BC0 /* Assets.xcassets in Resources */ = {isa = PBXBuildFile; fileRef = 60ADEDD41FC2C27B00BE9BC0 /* Assets.xcassets */; };
		60ADEDD81FC2C27B00BE9BC0 /* LaunchScreen.storyboard in Resources */ = {isa = PBXBuildFile; fileRef = 60ADEDD61FC2C27B00BE9BC0 /* LaunchScreen.storyboard */; };
		60ADEDE11FC2C46D00BE9BC0 /* Neko-Minna-Nihongo-Lesson-01.json in Resources */ = {isa = PBXBuildFile; fileRef = 60ADEDE01FC2C46D00BE9BC0 /* Neko-Minna-Nihongo-Lesson-01.json */; };
		60ADEDE41FC2C6DB00BE9BC0 /* NekoModel.swift in Sources */ = {isa = PBXBuildFile; fileRef = 60ADEDE31FC2C6DB00BE9BC0 /* NekoModel.swift */; };
/* End PBXBuildFile section */

/* Begin PBXFileReference section */
		60ADEDCA1FC2C27B00BE9BC0 /* ParseJSONFromFile.app */ = {isa = PBXFileReference; explicitFileType = wrapper.application; includeInIndex = 0; path = ParseJSONFromFile.app; sourceTree = BUILT_PRODUCTS_DIR; };
		60ADEDCD1FC2C27B00BE9BC0 /* AppDelegate.swift */ = {isa = PBXFileReference; lastKnownFileType = sourcecode.swift; path = AppDelegate.swift; sourceTree = "<group>"; };
		60ADEDCF1FC2C27B00BE9BC0 /* ViewController.swift */ = {isa = PBXFileReference; lastKnownFileType = sourcecode.swift; path = ViewController.swift; sourceTree = "<group>"; };
		60ADEDD21FC2C27B00BE9BC0 /* Base */ = {isa = PBXFileReference; lastKnownFileType = file.storyboard; name = Base; path = Base.lproj/Main.storyboard; sourceTree = "<group>"; };
		60ADEDD41FC2C27B00BE9BC0 /* Assets.xcassets */ = {isa = PBXFileReference; lastKnownFileType = folder.assetcatalog; path = Assets.xcassets; sourceTree = "<group>"; };
		60ADEDD71FC2C27B00BE9BC0 /* Base */ = {isa = PBXFileReference; lastKnownFileType = file.storyboard; name = Base; path = Base.lproj/LaunchScreen.storyboard; sourceTree = "<group>"; };
		60ADEDD91FC2C27B00BE9BC0 /* Info.plist */ = {isa = PBXFileReference; lastKnownFileType = text.plist.xml; path = Info.plist; sourceTree = "<group>"; };
		60ADEDE01FC2C46D00BE9BC0 /* Neko-Minna-Nihongo-Lesson-01.json */ = {isa = PBXFileReference; fileEncoding = 4; lastKnownFileType = text.json; path = "Neko-Minna-Nihongo-Lesson-01.json"; sourceTree = "<group>"; };
		60ADEDE31FC2C6DB00BE9BC0 /* NekoModel.swift */ = {isa = PBXFileReference; lastKnownFileType = sourcecode.swift; path = NekoModel.swift; sourceTree = "<group>"; };
/* End PBXFileReference section */

/* Begin PBXFrameworksBuildPhase section */
		60ADEDC71FC2C27B00BE9BC0 /* Frameworks */ = {
			isa = PBXFrameworksBuildPhase;
			buildActionMask = 2147483647;
			files = (
			);
			runOnlyForDeploymentPostprocessing = 0;
		};
/* End PBXFrameworksBuildPhase section */

/* Begin PBXGroup section */
		60ADEDC11FC2C27B00BE9BC0 = {
			isa = PBXGroup;
			children = (
				60ADEDCC1FC2C27B00BE9BC0 /* ParseJSONFromFile */,
				60ADEDCB1FC2C27B00BE9BC0 /* Products */,
			);
			sourceTree = "<group>";
		};
		60ADEDCB1FC2C27B00BE9BC0 /* Products */ = {
			isa = PBXGroup;
			children = (
				60ADEDCA1FC2C27B00BE9BC0 /* ParseJSONFromFile.app */,
			);
			name = Products;
			sourceTree = "<group>";
		};
		60ADEDCC1FC2C27B00BE9BC0 /* ParseJSONFromFile */ = {
			isa = PBXGroup;
			children = (
				60ADEDE21FC2C6AA00BE9BC0 /* Model */,
				60ADEDDF1FC2C45D00BE9BC0 /* Resources */,
				60ADEDCD1FC2C27B00BE9BC0 /* AppDelegate.swift */,
				60ADEDCF1FC2C27B00BE9BC0 /* ViewController.swift */,
				60ADEDD11FC2C27B00BE9BC0 /* Main.storyboard */,
				60ADEDD41FC2C27B00BE9BC0 /* Assets.xcassets */,
				60ADEDD61FC2C27B00BE9BC0 /* LaunchScreen.storyboard */,
				60ADEDD91FC2C27B00BE9BC0 /* Info.plist */,
			);
			path = ParseJSONFromFile;
			sourceTree = "<group>";
		};
		60ADEDDF1FC2C45D00BE9BC0 /* Resources */ = {
			isa = PBXGroup;
			children = (
				60ADEDE01FC2C46D00BE9BC0 /* Neko-Minna-Nihongo-Lesson-01.json */,
			);
			path = Resources;
			sourceTree = "<group>";
		};
		60ADEDE21FC2C6AA00BE9BC0 /* Model */ = {
			isa = PBXGroup;
			children = (
				60ADEDE31FC2C6DB00BE9BC0 /* NekoModel.swift */,
			);
			path = Model;
			sourceTree = "<group>";
		};
/* End PBXGroup section */

/* Begin PBXNativeTarget section */
		60ADEDC91FC2C27B00BE9BC0 /* ParseJSONFromFile */ = {
			isa = PBXNativeTarget;
			buildConfigurationList = 60ADEDDC1FC2C27B00BE9BC0 /* Build configuration list for PBXNativeTarget "ParseJSONFromFile" */;
			buildPhases = (
				60ADEDC61FC2C27B00BE9BC0 /* Sources */,
				60ADEDC71FC2C27B00BE9BC0 /* Frameworks */,
				60ADEDC81FC2C27B00BE9BC0 /* Resources */,
			);
			buildRules = (
			);
			dependencies = (
			);
			name = ParseJSONFromFile;
			productName = ParseJSONFromFile;
			productReference = 60ADEDCA1FC2C27B00BE9BC0 /* ParseJSONFromFile.app */;
			productType = "com.apple.product-type.application";
		};
/* End PBXNativeTarget section */

/* Begin PBXProject section */
		60ADEDC21FC2C27B00BE9BC0 /* Project object */ = {
			isa = PBXProject;
			attributes = {
				LastSwiftUpdateCheck = 0910;
				LastUpgradeCheck = 0910;
				ORGANIZATIONNAME = "Sutrix Solutions";
				TargetAttributes = {
					60ADEDC91FC2C27B00BE9BC0 = {
						CreatedOnToolsVersion = 9.1;
						ProvisioningStyle = Automatic;
					};
				};
			};
			buildConfigurationList = 60ADEDC51FC2C27B00BE9BC0 /* Build configuration list for PBXProject "ParseJSONFromFile" */;
			compatibilityVersion = "Xcode 8.0";
			developmentRegion = en;
			hasScannedForEncodings = 0;
			knownRegions = (
				en,
				Base,
			);
			mainGroup = 60ADEDC11FC2C27B00BE9BC0;
			productRefGroup = 60ADEDCB1FC2C27B00BE9BC0 /* Products */;
			projectDirPath = "";
			projectRoot = "";
			targets = (
				60ADEDC91FC2C27B00BE9BC0 /* ParseJSONFromFile */,
			);
		};
/* End PBXProject section */

/* Begin PBXResourcesBuildPhase section */
		60ADEDC81FC2C27B00BE9BC0 /* Resources */ = {
			isa = PBXResourcesBuildPhase;
			buildActionMask = 2147483647;
			files = (
				60ADEDE11FC2C46D00BE9BC0 /* Neko-Minna-Nihongo-Lesson-01.json in Resources */,
				60ADEDD81FC2C27B00BE9BC0 /* LaunchScreen.storyboard in Resources */,
				60ADEDD51FC2C27B00BE9BC0 /* Assets.xcassets in Resources */,
				60ADEDD31FC2C27B00BE9BC0 /* Main.storyboard in Resources */,
			);
			runOnlyForDeploymentPostprocessing = 0;
		};
/* End PBXResourcesBuildPhase section */

/* Begin PBXSourcesBuildPhase section */
		60ADEDC61FC2C27B00BE9BC0 /* Sources */ = {
			isa = PBXSourcesBuildPhase;
			buildActionMask = 2147483647;
			files = (
				60ADEDD01FC2C27B00BE9BC0 /* ViewController.swift in Sources */,
				60ADEDCE1FC2C27B00BE9BC0 /* AppDelegate.swift in Sources */,
				60ADEDE41FC2C6DB00BE9BC0 /* NekoModel.swift in Sources */,
			);
			runOnlyForDeploymentPostprocessing = 0;
		};
/* End PBXSourcesBuildPhase section */

/* Begin PBXVariantGroup section */
		60ADEDD11FC2C27B00BE9BC0 /* Main.storyboard */ = {
			isa = PBXVariantGroup;
			children = (
				60ADEDD21FC2C27B00BE9BC0 /* Base */,
			);
			name = Main.storyboard;
			sourceTree = "<group>";
		};
		60ADEDD61FC2C27B00BE9BC0 /* LaunchScreen.storyboard */ = {
			isa = PBXVariantGroup;
			children = (
				60ADEDD71FC2C27B00BE9BC0 /* Base */,
			);
			name = LaunchScreen.storyboard;
			sourceTree = "<group>";
		};
/* End PBXVariantGroup section */

/* Begin XCBuildConfiguration section */
		60ADEDDA1FC2C27B00BE9BC0 /* Debug */ = {
			isa = XCBuildConfiguration;
			buildSettings = {
				ALWAYS_SEARCH_USER_PATHS = NO;
				CLANG_ANALYZER_NONNULL = YES;
				CLANG_ANALYZER_NUMBER_OBJECT_CONVERSION = YES_AGGRESSIVE;
				CLANG_CXX_LANGUAGE_STANDARD = "gnu++14";
				CLANG_CXX_LIBRARY = "libc++";
				CLANG_ENABLE_MODULES = YES;
				CLANG_ENABLE_OBJC_ARC = YES;
				CLANG_WARN_BLOCK_CAPTURE_AUTORELEASING = YES;
				CLANG_WARN_BOOL_CONVERSION = YES;
				CLANG_WARN_COMMA = YES;
				CLANG_WARN_CONSTANT_CONVERSION = YES;
				CLANG_WARN_DIRECT_OBJC_ISA_USAGE = YES_ERROR;
				CLANG_WARN_DOCUMENTATION_COMMENTS = YES;
				CLANG_WARN_EMPTY_BODY = YES;
				CLANG_WARN_ENUM_CONVERSION = YES;
				CLANG_WARN_INFINITE_RECURSION = YES;
				CLANG_WARN_INT_CONVERSION = YES;
				CLANG_WARN_NON_LITERAL_NULL_CONVERSION = YES;
				CLANG_WARN_OBJC_LITERAL_CONVERSION = YES;
				CLANG_WARN_OBJC_ROOT_CLASS = YES_ERROR;
				CLANG_WARN_RANGE_LOOP_ANALYSIS = YES;
				CLANG_WARN_STRICT_PROTOTYPES = YES;
				CLANG_WARN_SUSPICIOUS_MOVE = YES;
				CLANG_WARN_UNGUARDED_AVAILABILITY = YES_AGGRESSIVE;
				CLANG_WARN_UNREACHABLE_CODE = YES;
				CLANG_WARN__DUPLICATE_METHOD_MATCH = YES;
				CODE_SIGN_IDENTITY = "iPhone Developer";
				COPY_PHASE_STRIP = NO;
				DEBUG_INFORMATION_FORMAT = dwarf;
				ENABLE_STRICT_OBJC_MSGSEND = YES;
				ENABLE_TESTABILITY = YES;
				GCC_C_LANGUAGE_STANDARD = gnu11;
				GCC_DYNAMIC_NO_PIC = NO;
				GCC_NO_COMMON_BLOCKS = YES;
				GCC_OPTIMIZATION_LEVEL = 0;
				GCC_PREPROCESSOR_DEFINITIONS = (
					"DEBUG=1",
					"$(inherited)",
				);
				GCC_WARN_64_TO_32_BIT_CONVERSION = YES;
				GCC_WARN_ABOUT_RETURN_TYPE = YES_ERROR;
				GCC_WARN_UNDECLARED_SELECTOR = YES;
				GCC_WARN_UNINITIALIZED_AUTOS = YES_AGGRESSIVE;
				GCC_WARN_UNUSED_FUNCTION = YES;
				GCC_WARN_UNUSED_VARIABLE = YES;
				IPHONEOS_DEPLOYMENT_TARGET = 11.1;
				MTL_ENABLE_DEBUG_INFO = YES;
				ONLY_ACTIVE_ARCH = YES;
				SDKROOT = iphoneos;
				SWIFT_ACTIVE_COMPILATION_CONDITIONS = DEBUG;
				SWIFT_OPTIMIZATION_LEVEL = "-Onone";
			};
			name = Debug;
		};
		60ADEDDB1FC2C27B00BE9BC0 /* Release */ = {
			isa = XCBuildConfiguration;
			buildSettings = {
				ALWAYS_SEARCH_USER_PATHS = NO;
				CLANG_ANALYZER_NONNULL = YES;
				CLANG_ANALYZER_NUMBER_OBJECT_CONVERSION = YES_AGGRESSIVE;
				CLANG_CXX_LANGUAGE_STANDARD = "gnu++14";
				CLANG_CXX_LIBRARY = "libc++";
				CLANG_ENABLE_MODULES = YES;
				CLANG_ENABLE_OBJC_ARC = YES;
				CLANG_WARN_BLOCK_CAPTURE_AUTORELEASING = YES;
				CLANG_WARN_BOOL_CONVERSION = YES;
				CLANG_WARN_COMMA = YES;
				CLANG_WARN_CONSTANT_CONVERSION = YES;
				CLANG_WARN_DIRECT_OBJC_ISA_USAGE = YES_ERROR;
				CLANG_WARN_DOCUMENTATION_COMMENTS = YES;
				CLANG_WARN_EMPTY_BODY = YES;
				CLANG_WARN_ENUM_CONVERSION = YES;
				CLANG_WARN_INFINITE_RECURSION = YES;
				CLANG_WARN_INT_CONVERSION = YES;
				CLANG_WARN_NON_LITERAL_NULL_CONVERSION = YES;
				CLANG_WARN_OBJC_LITERAL_CONVERSION = YES;
				CLANG_WARN_OBJC_ROOT_CLASS = YES_ERROR;
				CLANG_WARN_RANGE_LOOP_ANALYSIS = YES;
				CLANG_WARN_STRICT_PROTOTYPES = YES;
				CLANG_WARN_SUSPICIOUS_MOVE = YES;
				CLANG_WARN_UNGUARDED_AVAILABILITY = YES_AGGRESSIVE;
				CLANG_WARN_UNREACHABLE_CODE = YES;
				CLANG_WARN__DUPLICATE_METHOD_MATCH = YES;
				CODE_SIGN_IDENTITY = "iPhone Developer";
				COPY_PHASE_STRIP = NO;
				DEBUG_INFORMATION_FORMAT = "dwarf-with-dsym";
				ENABLE_NS_ASSERTIONS = NO;
				ENABLE_STRICT_OBJC_MSGSEND = YES;
				GCC_C_LANGUAGE_STANDARD = gnu11;
				GCC_NO_COMMON_BLOCKS = YES;
				GCC_WARN_64_TO_32_BIT_CONVERSION = YES;
				GCC_WARN_ABOUT_RETURN_TYPE = YES_ERROR;
				GCC_WARN_UNDECLARED_SELECTOR = YES;
				GCC_WARN_UNINITIALIZED_AUTOS = YES_AGGRESSIVE;
				GCC_WARN_UNUSED_FUNCTION = YES;
				GCC_WARN_UNUSED_VARIABLE = YES;
				IPHONEOS_DEPLOYMENT_TARGET = 11.1;
				MTL_ENABLE_DEBUG_INFO = NO;
				SDKROOT = iphoneos;
				SWIFT_OPTIMIZATION_LEVEL = "-Owholemodule";
				VALIDATE_PRODUCT = YES;
			};
			name = Release;
		};
		60ADEDDD1FC2C27B00BE9BC0 /* Debug */ = {
			isa = XCBuildConfiguration;
			buildSettings = {
				ASSETCATALOG_COMPILER_APPICON_NAME = AppIcon;
				CODE_SIGN_STYLE = Automatic;
				INFOPLIST_FILE = ParseJSONFromFile/Info.plist;
				LD_RUNPATH_SEARCH_PATHS = "$(inherited) @executable_path/Frameworks";
				PRODUCT_BUNDLE_IDENTIFIER = suxtrixsolutions.com.vn.ParseJSONFromFile;
				PRODUCT_NAME = "$(TARGET_NAME)";
				SWIFT_VERSION = 4.0;
				TARGETED_DEVICE_FAMILY = "1,2";
			};
			name = Debug;
		};
		60ADEDDE1FC2C27B00BE9BC0 /* Release */ = {
			isa = XCBuildConfiguration;
			buildSettings = {
				ASSETCATALOG_COMPILER_APPICON_NAME = AppIcon;
				CODE_SIGN_STYLE = Automatic;
				INFOPLIST_FILE = ParseJSONFromFile/Info.plist;
				LD_RUNPATH_SEARCH_PATHS = "$(inherited) @executable_path/Frameworks";
				PRODUCT_BUNDLE_IDENTIFIER = suxtrixsolutions.com.vn.ParseJSONFromFile;
				PRODUCT_NAME = "$(TARGET_NAME)";
				SWIFT_VERSION = 4.0;
				TARGETED_DEVICE_FAMILY = "1,2";
			};
			name = Release;
		};
/* End XCBuildConfiguration section */

/* Begin XCConfigurationList section */
		60ADEDC51FC2C27B00BE9BC0 /* Build configuration list for PBXProject "ParseJSONFromFile" */ = {
			isa = XCConfigurationList;
			buildConfigurations = (
				60ADEDDA1FC2C27B00BE9BC0 /* Debug */,
				60ADEDDB1FC2C27B00BE9BC0 /* Release */,
			);
			defaultConfigurationIsVisible = 0;
			defaultConfigurationName = Release;
		};
		60ADEDDC1FC2C27B00BE9BC0 /* Build configuration list for PBXNativeTarget "ParseJSONFromFile" */ = {
			isa = XCConfigurationList;
			buildConfigurations = (
				60ADEDDD1FC2C27B00BE9BC0 /* Debug */,
				60ADEDDE1FC2C27B00BE9BC0 /* Release */,
			);
			defaultConfigurationIsVisible = 0;
			defaultConfigurationName = Release;
		};
/* End XCConfigurationList section */
	};
	rootObject = 60ADEDC21FC2C27B00BE9BC0 /* Project object */;
}
